<Solution>
  <Folder Name="/Solution Items/">
    <File Path=".editorconfig" />
    <File Path=".gitattributes" />
    <File Path=".gitignore" />
    <File Path=".mcp.json" />
    <File Path="Directory.Build.props" />
    <File Path="Directory.Packages.props" />
    <File Path="global.json" />
    <File Path="LICENSE" />
    <File Path="nuget.config" />
    <File Path="README.md" />
  </Folder>
  <Folder Name="/Solution Items/.agents/">
    <File Path="AGENTS.md" />
  </Folder>
  <Folder Name="/Solution Items/.agents/rules/">
    <File Path=".agents/rules/addin-isolation.md" />
    <File Path=".agents/rules/build.md" />
    <File Path=".agents/rules/inventor-interop.md" />
    <File Path=".agents/rules/inventor-modeling.md" />
    <File Path=".agents/rules/plugin-loop.md" />
  </Folder>
  <Folder Name="/Solution Items/Docs/">
    <File Path="Docs/Architecture.md" />
    <File Path="Docs/Plugin-Development-Loop.md" />
    <File Path="Docs/Setup-and-Usage-Guide.md" />
  </Folder>
  <Project Path="Source/InventorMcp.AddIn/InventorMcp.AddIn.csproj" />
  <Project Path="Source/InventorMcp.AddIn.Loader/InventorMcp.AddIn.Loader.csproj" />
  <Project Path="Source/InventorMcp.Contracts/InventorMcp.Contracts.csproj" />
  <Project Path="Source/InventorMcp.Server/InventorMcp.Server.csproj" />
  <Folder Name="/Tests/">
    <Project Path="Tests/InventorMcp.Server.Tests/InventorMcp.Server.Tests.csproj" />
    <Project Path="Tests/InventorMcp.TestDialogs/InventorMcp.TestDialogs.csproj" />
  </Folder>
</Solution>
